
Microsoft Visual Studio Solution File, Format Version 12.00
# Visual Studio 2012
Project("{FAE04EC0-301F-11D3-BF4B-00C04F79EFBC}") = "Supermarket.Core", "Supermarket.Core\Supermarket.Core.csproj", "{8EB3C20C-AFCD-45C7-8CA4-287574396FE2}"
EndProject
Project("{FAE04EC0-301F-11D3-BF4B-00C04F79EFBC}") = "Supermarket.Main", "Supermarket.Main\Supermarket.Main.csproj", "{691D5138-C991-4EE1-B6EC-03751CB80AF4}"
EndProject
Project("{FAE04EC0-301F-11D3-BF4B-00C04F79EFBC}") = "Supermarket.Main.Tests", "Supermarket.Main.Tests\Supermarket.Main.Tests.csproj", "{75BCEBD8-49CD-4151-84E3-A41E84353971}"
EndProject
Global
	GlobalSection(TeamFoundationVersionControl) = preSolution
		SccNumberOfProjects = 4
		SccEnterpriseProvider = {4CA58AB2-18FA-4F8D-95D4-32DDF27D184C}
		SccTeamFoundationServer = https://tsonov.visualstudio.com/defaultcollection
		SccLocalPath0 = .
		SccProjectUniqueName1 = Supermarket.Core\\Supermarket.Core.csproj
		SccProjectName1 = Supermarket.Core
		SccLocalPath1 = Supermarket.Core
		SccProjectUniqueName2 = Supermarket.Main\\Supermarket.Main.csproj
		SccProjectName2 = Supermarket.Main
		SccLocalPath2 = Supermarket.Main
		SccProjectUniqueName3 = Supermarket.Main.Tests\\Supermarket.Main.Tests.csproj
		SccProjectName3 = Supermarket.Main.Tests
		SccLocalPath3 = Supermarket.Main.Tests
	EndGlobalSection
	GlobalSection(SolutionConfigurationPlatforms) = preSolution
		Debug|Any CPU = Debug|Any CPU
		Release|Any CPU = Release|Any CPU
	EndGlobalSection
	GlobalSection(ProjectConfigurationPlatforms) = postSolution
		{8EB3C20C-AFCD-45C7-8CA4-287574396FE2}.Debug|Any CPU.ActiveCfg = Debug|Any CPU
		{8EB3C20C-AFCD-45C7-8CA4-287574396FE2}.Debug|Any CPU.Build.0 = Debug|Any CPU
		{8EB3C20C-AFCD-45C7-8CA4-287574396FE2}.Release|Any CPU.ActiveCfg = Release|Any CPU
		{8EB3C20C-AFCD-45C7-8CA4-287574396FE2}.Release|Any CPU.Build.0 = Release|Any CPU
		{691D5138-C991-4EE1-B6EC-03751CB80AF4}.Debug|Any CPU.ActiveCfg = Debug|Any CPU
		{691D5138-C991-4EE1-B6EC-03751CB80AF4}.Debug|Any CPU.Build.0 = Debug|Any CPU
		{691D5138-C991-4EE1-B6EC-03751CB80AF4}.Release|Any CPU.ActiveCfg = Release|Any CPU
		{691D5138-C991-4EE1-B6EC-03751CB80AF4}.Release|Any CPU.Build.0 = Release|Any CPU
		{75BCEBD8-49CD-4151-84E3-A41E84353971}.Debug|Any CPU.ActiveCfg = Debug|Any CPU
		{75BCEBD8-49CD-4151-84E3-A41E84353971}.Debug|Any CPU.Build.0 = Debug|Any CPU
		{75BCEBD8-49CD-4151-84E3-A41E84353971}.Release|Any CPU.ActiveCfg = Release|Any CPU
		{75BCEBD8-49CD-4151-84E3-A41E84353971}.Release|Any CPU.Build.0 = Release|Any CPU
	EndGlobalSection
	GlobalSection(SolutionProperties) = preSolution
		HideSolutionNode = FALSE
	EndGlobalSection
	GlobalSection(ExtensibilityGlobals) = postSolution
		EnterpriseLibraryConfigurationToolBinariesPath = packages\Unity.2.1.505.2\lib\NET35
	EndGlobalSection
EndGlobal
